
Microsoft Visual Studio Solution File, Format Version 12.00
# Visual Studio Version 17
VisualStudioVersion = 17.8.34309.116
MinimumVisualStudioVersion = 10.0.40219.1
Project("{FAE04EC0-301F-11D3-BF4B-00C04F79EFBC}") = "Registry_File logging", "Registry_File logging\Registry_File logging.csproj", "{8494DD38-E6D8-4E1E-953B-2CD41D5FDD5B}"
EndProject
Global
	GlobalSection(SolutionConfigurationPlatforms) = preSolution
		Debug|Any CPU = Debug|Any CPU
		Release|Any CPU = Release|Any CPU
	EndGlobalSection
	GlobalSection(ProjectConfigurationPlatforms) = postSolution
		{8494DD38-E6D8-4E1E-953B-2CD41D5FDD5B}.Debug|Any CPU.ActiveCfg = Debug|Any CPU
		{8494DD38-E6D8-4E1E-953B-2CD41D5FDD5B}.Debug|Any CPU.Build.0 = Debug|Any CPU
		{8494DD38-E6D8-4E1E-953B-2CD41D5FDD5B}.Release|Any CPU.ActiveCfg = Release|Any CPU
		{8494DD38-E6D8-4E1E-953B-2CD41D5FDD5B}.Release|Any CPU.Build.0 = Release|Any CPU
	EndGlobalSection
	GlobalSection(SolutionProperties) = preSolution
		HideSolutionNode = FALSE
	EndGlobalSection
	GlobalSection(ExtensibilityGlobals) = postSolution
		SolutionGuid = {953CD241-6BAE-44E6-AD46-2FAE456F3F55}
	EndGlobalSection
EndGlobal
